
Microsoft Visual Studio Solution File, Format Version 12.00
# Visual Studio Version 16
VisualStudioVersion = 16.0.30204.135
MinimumVisualStudioVersion = 10.0.40219.1
Project("{9A19103F-16F7-4668-BE54-9A1E7A4F7556}") = "Business", "Negocio\Business.csproj", "{3CCCF538-B8EE-4D8D-9F03-A3186F7B94EE}"
EndProject
Project("{9A19103F-16F7-4668-BE54-9A1E7A4F7556}") = "Date", "Date\Date.csproj", "{65C480D5-0EBC-4F0B-B104-A8B8E72370B7}"
EndProject
Project("{2150E333-8FDC-42A3-9474-1A3956D46DE8}") = "1_Business", "1_Business", "{A85CD0F8-CBAB-43E0-B140-F3DA10818909}"
EndProject
Project("{2150E333-8FDC-42A3-9474-1A3956D46DE8}") = "2_Dates", "2_Dates", "{64A75998-3A60-4DB1-930B-3EF4FC3BE874}"
EndProject
Project("{2150E333-8FDC-42A3-9474-1A3956D46DE8}") = "0_Apps", "0_Apps", "{7E51EF30-4FA2-4579-9137-C2F00FFB2F06}"
EndProject
Project("{9A19103F-16F7-4668-BE54-9A1E7A4F7556}") = "VotacaoWeb", "VotacaoWeb\VotacaoWeb.csproj", "{9CAA28FB-075C-4CFF-9940-E5F418C0DFA7}"
EndProject
Project("{9A19103F-16F7-4668-BE54-9A1E7A4F7556}") = "VotacaoAPI", "VotacaoAPI\VotacaoAPI.csproj", "{787236D8-F73F-4F63-9EB3-6DEC125C5DAE}"
EndProject
Global
	GlobalSection(SolutionConfigurationPlatforms) = preSolution
		Debug|Any CPU = Debug|Any CPU
		Release|Any CPU = Release|Any CPU
	EndGlobalSection
	GlobalSection(ProjectConfigurationPlatforms) = postSolution
		{3CCCF538-B8EE-4D8D-9F03-A3186F7B94EE}.Debug|Any CPU.ActiveCfg = Debug|Any CPU
		{3CCCF538-B8EE-4D8D-9F03-A3186F7B94EE}.Debug|Any CPU.Build.0 = Debug|Any CPU
		{3CCCF538-B8EE-4D8D-9F03-A3186F7B94EE}.Release|Any CPU.ActiveCfg = Release|Any CPU
		{3CCCF538-B8EE-4D8D-9F03-A3186F7B94EE}.Release|Any CPU.Build.0 = Release|Any CPU
		{65C480D5-0EBC-4F0B-B104-A8B8E72370B7}.Debug|Any CPU.ActiveCfg = Debug|Any CPU
		{65C480D5-0EBC-4F0B-B104-A8B8E72370B7}.Debug|Any CPU.Build.0 = Debug|Any CPU
		{65C480D5-0EBC-4F0B-B104-A8B8E72370B7}.Release|Any CPU.ActiveCfg = Release|Any CPU
		{65C480D5-0EBC-4F0B-B104-A8B8E72370B7}.Release|Any CPU.Build.0 = Release|Any CPU
		{9CAA28FB-075C-4CFF-9940-E5F418C0DFA7}.Debug|Any CPU.ActiveCfg = Debug|Any CPU
		{9CAA28FB-075C-4CFF-9940-E5F418C0DFA7}.Debug|Any CPU.Build.0 = Debug|Any CPU
		{9CAA28FB-075C-4CFF-9940-E5F418C0DFA7}.Release|Any CPU.ActiveCfg = Release|Any CPU
		{9CAA28FB-075C-4CFF-9940-E5F418C0DFA7}.Release|Any CPU.Build.0 = Release|Any CPU
		{787236D8-F73F-4F63-9EB3-6DEC125C5DAE}.Debug|Any CPU.ActiveCfg = Debug|Any CPU
		{787236D8-F73F-4F63-9EB3-6DEC125C5DAE}.Debug|Any CPU.Build.0 = Debug|Any CPU
		{787236D8-F73F-4F63-9EB3-6DEC125C5DAE}.Release|Any CPU.ActiveCfg = Release|Any CPU
		{787236D8-F73F-4F63-9EB3-6DEC125C5DAE}.Release|Any CPU.Build.0 = Release|Any CPU
	EndGlobalSection
	GlobalSection(SolutionProperties) = preSolution
		HideSolutionNode = FALSE
	EndGlobalSection
	GlobalSection(NestedProjects) = preSolution
		{3CCCF538-B8EE-4D8D-9F03-A3186F7B94EE} = {A85CD0F8-CBAB-43E0-B140-F3DA10818909}
		{65C480D5-0EBC-4F0B-B104-A8B8E72370B7} = {64A75998-3A60-4DB1-930B-3EF4FC3BE874}
		{9CAA28FB-075C-4CFF-9940-E5F418C0DFA7} = {7E51EF30-4FA2-4579-9137-C2F00FFB2F06}
		{787236D8-F73F-4F63-9EB3-6DEC125C5DAE} = {7E51EF30-4FA2-4579-9137-C2F00FFB2F06}
	EndGlobalSection
	GlobalSection(ExtensibilityGlobals) = postSolution
		SolutionGuid = {691F2431-7675-4EF8-BBC7-3563A57D2120}
	EndGlobalSection
EndGlobal
